
Microsoft Visual Studio Solution File, Format Version 12.00
# Visual Studio Version 17
VisualStudioVersion = 17.11.35208.52
MinimumVisualStudioVersion = 10.0.40219.1
Project("{FAE04EC0-301F-11D3-BF4B-00C04F79EFBC}") = "线转轴线", "线转轴线\线转轴线.csproj", "{245ACCD7-E256-45DD-8AF5-89B4090D563E}"
EndProject
Global
	GlobalSection(SolutionConfigurationPlatforms) = preSolution
		Debug|Any CPU = Debug|Any CPU
		Release|Any CPU = Release|Any CPU
	EndGlobalSection
	GlobalSection(ProjectConfigurationPlatforms) = postSolution
		{245ACCD7-E256-45DD-8AF5-89B4090D563E}.Debug|Any CPU.ActiveCfg = Debug|Any CPU
		{245ACCD7-E256-45DD-8AF5-89B4090D563E}.Debug|Any CPU.Build.0 = Debug|Any CPU
		{245ACCD7-E256-45DD-8AF5-89B4090D563E}.Release|Any CPU.ActiveCfg = Release|Any CPU
		{245ACCD7-E256-45DD-8AF5-89B4090D563E}.Release|Any CPU.Build.0 = Release|Any CPU
	EndGlobalSection
	GlobalSection(SolutionProperties) = preSolution
		HideSolutionNode = FALSE
	EndGlobalSection
	GlobalSection(ExtensibilityGlobals) = postSolution
		SolutionGuid = {7F8134A1-370A-4459-AB9A-4940982EA333}
	EndGlobalSection
EndGlobal
